// !$*UTF8*$!
{
	archiveVersion = 1;
	classes = {
	};
	objectVersion = 50;
	objects = {

/* Begin PBXBuildFile section */
		009A745B23C3D8F900A2AD5B /* AppDelegate.swift in Sources */ = {isa = PBXBuildFile; fileRef = 009A745A23C3D8F900A2AD5B /* AppDelegate.swift */; };
		009A745D23C3D8F900A2AD5B /* SceneDelegate.swift in Sources */ = {isa = PBXBuildFile; fileRef = 009A745C23C3D8F900A2AD5B /* SceneDelegate.swift */; };
		009A745F23C3D8F900A2AD5B /* ContentView.swift in Sources */ = {isa = PBXBuildFile; fileRef = 009A745E23C3D8F900A2AD5B /* ContentView.swift */; };
		009A746123C3D8FA00A2AD5B /* Assets.xcassets in Resources */ = {isa = PBXBuildFile; fileRef = 009A746023C3D8FA00A2AD5B /* Assets.xcassets */; };
		009A746423C3D8FA00A2AD5B /* Preview Assets.xcassets in Resources */ = {isa = PBXBuildFile; fileRef = 009A746323C3D8FA00A2AD5B /* Preview Assets.xcassets */; };
		009A746723C3D8FA00A2AD5B /* LaunchScreen.storyboard in Resources */ = {isa = PBXBuildFile; fileRef = 009A746523C3D8FA00A2AD5B /* LaunchScreen.storyboard */; };
/* End PBXBuildFile section */

/* Begin PBXFileReference section */
		009A745723C3D8F900A2AD5B /* CalculatorUILBTA.app */ = {isa = PBXFileReference; explicitFileType = wrapper.application; includeInIndex = 0; path = CalculatorUILBTA.app; sourceTree = BUILT_PRODUCTS_DIR; };
		009A745A23C3D8F900A2AD5B /* AppDelegate.swift */ = {isa = PBXFileReference; lastKnownFileType = sourcecode.swift; path = AppDelegate.swift; sourceTree = "<group>"; };
		009A745C23C3D8F900A2AD5B /* SceneDelegate.swift */ = {isa = PBXFileReference; lastKnownFileType = sourcecode.swift; path = SceneDelegate.swift; sourceTree = "<group>"; };
		009A745E23C3D8F900A2AD5B /* ContentView.swift */ = {isa = PBXFileReference; lastKnownFileType = sourcecode.swift; path = ContentView.swift; sourceTree = "<group>"; };
		009A746023C3D8FA00A2AD5B /* Assets.xcassets */ = {isa = PBXFileReference; lastKnownFileType = folder.assetcatalog; path = Assets.xcassets; sourceTree = "<group>"; };
		009A746323C3D8FA00A2AD5B /* Preview Assets.xcassets */ = {isa = PBXFileReference; lastKnownFileType = folder.assetcatalog; path = "Preview Assets.xcassets"; sourceTree = "<group>"; };
		009A746623C3D8FA00A2AD5B /* Base */ = {isa = PBXFileReference; lastKnownFileType = file.storyboard; name = Base; path = Base.lproj/LaunchScreen.storyboard; sourceTree = "<group>"; };
		009A746823C3D8FA00A2AD5B /* Info.plist */ = {isa = PBXFileReference; lastKnownFileType = text.plist.xml; path = Info.plist; sourceTree = "<group>"; };
/* End PBXFileReference section */

/* Begin PBXFrameworksBuildPhase section */
		009A745423C3D8F900A2AD5B /* Frameworks */ = {
			isa = PBXFrameworksBuildPhase;
			buildActionMask = 2147483647;
			files = (
			);
			runOnlyForDeploymentPostprocessing = 0;
		};
/* End PBXFrameworksBuildPhase section */

/* Begin PBXGroup section */
		009A744E23C3D8F900A2AD5B = {
			isa = PBXGroup;
			children = (
				009A745923C3D8F900A2AD5B /* CalculatorUILBTA */,
				009A745823C3D8F900A2AD5B /* Products */,
			);
			sourceTree = "<group>";
		};
		009A745823C3D8F900A2AD5B /* Products */ = {
			isa = PBXGroup;
			children = (
				009A745723C3D8F900A2AD5B /* CalculatorUILBTA.app */,
			);
			name = Products;
			sourceTree = "<group>";
		};
		009A745923C3D8F900A2AD5B /* CalculatorUILBTA */ = {
			isa = PBXGroup;
			children = (
				009A745A23C3D8F900A2AD5B /* AppDelegate.swift */,
				009A745C23C3D8F900A2AD5B /* SceneDelegate.swift */,
				009A745E23C3D8F900A2AD5B /* ContentView.swift */,
				009A746023C3D8FA00A2AD5B /* Assets.xcassets */,
				009A746523C3D8FA00A2AD5B /* LaunchScreen.storyboard */,
				009A746823C3D8FA00A2AD5B /* Info.plist */,
				009A746223C3D8FA00A2AD5B /* Preview Content */,
			);
			path = CalculatorUILBTA;
			sourceTree = "<group>";
		};
		009A746223C3D8FA00A2AD5B /* Preview Content */ = {
			isa = PBXGroup;
			children = (
				009A746323C3D8FA00A2AD5B /* Preview Assets.xcassets */,
			);
			path = "Preview Content";
			sourceTree = "<group>";
		};
/* End PBXGroup section */

/* Begin PBXNativeTarget section */
		009A745623C3D8F900A2AD5B /* CalculatorUILBTA */ = {
			isa = PBXNativeTarget;
			buildConfigurationList = 009A746B23C3D8FA00A2AD5B /* Build configuration list for PBXNativeTarget "CalculatorUILBTA" */;
			buildPhases = (
				009A745323C3D8F900A2AD5B /* Sources */,
				009A745423C3D8F900A2AD5B /* Frameworks */,
				009A745523C3D8F900A2AD5B /* Resources */,
			);
			buildRules = (
			);
			dependencies = (
			);
			name = CalculatorUILBTA;
			productName = CalculatorUILBTA;
			productReference = 009A745723C3D8F900A2AD5B /* CalculatorUILBTA.app */;
			productType = "com.apple.product-type.application";
		};
/* End PBXNativeTarget section */

/* Begin PBXProject section */
		009A744F23C3D8F900A2AD5B /* Project object */ = {
			isa = PBXProject;
			attributes = {
				LastSwiftUpdateCheck = 1120;
				LastUpgradeCheck = 1120;
				ORGANIZATIONNAME = "Dylan Luchmun";
				TargetAttributes = {
					009A745623C3D8F900A2AD5B = {
						CreatedOnToolsVersion = 11.2;
					};
				};
			};
			buildConfigurationList = 009A745223C3D8F900A2AD5B /* Build configuration list for PBXProject "CalculatorUILBTA" */;
			compatibilityVersion = "Xcode 9.3";
			developmentRegion = en;
			hasScannedForEncodings = 0;
			knownRegions = (
				en,
				Base,
			);
			mainGroup = 009A744E23C3D8F900A2AD5B;
			productRefGroup = 009A745823C3D8F900A2AD5B /* Products */;
			projectDirPath = "";
			projectRoot = "";
			targets = (
				009A745623C3D8F900A2AD5B /* CalculatorUILBTA */,
			);
		};
/* End PBXProject section */

/* Begin PBXResourcesBuildPhase section */
		009A745523C3D8F900A2AD5B /* Resources */ = {
			isa = PBXResourcesBuildPhase;
			buildActionMask = 2147483647;
			files = (
				009A746723C3D8FA00A2AD5B /* LaunchScreen.storyboard in Resources */,
				009A746423C3D8FA00A2AD5B /* Preview Assets.xcassets in Resources */,
				009A746123C3D8FA00A2AD5B /* Assets.xcassets in Resources */,
			);
			runOnlyForDeploymentPostprocessing = 0;
		};
/* End PBXResourcesBuildPhase section */

/* Begin PBXSourcesBuildPhase section */
		009A745323C3D8F900A2AD5B /* Sources */ = {
			isa = PBXSourcesBuildPhase;
			buildActionMask = 2147483647;
			files = (
				009A745B23C3D8F900A2AD5B /* AppDelegate.swift in Sources */,
				009A745D23C3D8F900A2AD5B /* SceneDelegate.swift in Sources */,
				009A745F23C3D8F900A2AD5B /* ContentView.swift in Sources */,
			);
			runOnlyForDeploymentPostprocessing = 0;
		};
/* End PBXSourcesBuildPhase section */

/* Begin PBXVariantGroup section */
		009A746523C3D8FA00A2AD5B /* LaunchScreen.storyboard */ = {
			isa = PBXVariantGroup;
			children = (
				009A746623C3D8FA00A2AD5B /* Base */,
			);
			name = LaunchScreen.storyboard;
			sourceTree = "<group>";
		};
/* End PBXVariantGroup section */

/* Begin XCBuildConfiguration section */
		009A746923C3D8FA00A2AD5B /* Debug */ = {
			isa = XCBuildConfiguration;
			buildSettings = {
				ALWAYS_SEARCH_USER_PATHS = NO;
				CLANG_ANALYZER_NONNULL = YES;
				CLANG_ANALYZER_NUMBER_OBJECT_CONVERSION = YES_AGGRESSIVE;
				CLANG_CXX_LANGUAGE_STANDARD = "gnu++14";
				CLANG_CXX_LIBRARY = "libc++";
				CLANG_ENABLE_MODULES = YES;
				CLANG_ENABLE_OBJC_ARC = YES;
				CLANG_ENABLE_OBJC_WEAK = YES;
				CLANG_WARN_BLOCK_CAPTURE_AUTORELEASING = YES;
				CLANG_WARN_BOOL_CONVERSION = YES;
				CLANG_WARN_COMMA = YES;
				CLANG_WARN_CONSTANT_CONVERSION = YES;
				CLANG_WARN_DEPRECATED_OBJC_IMPLEMENTATIONS = YES;
				CLANG_WARN_DIRECT_OBJC_ISA_USAGE = YES_ERROR;
				CLANG_WARN_DOCUMENTATION_COMMENTS = YES;
				CLANG_WARN_EMPTY_BODY = YES;
				CLANG_WARN_ENUM_CONVERSION = YES;
				CLANG_WARN_INFINITE_RECURSION = YES;
				CLANG_WARN_INT_CONVERSION = YES;
				CLANG_WARN_NON_LITERAL_NULL_CONVERSION = YES;
				CLANG_WARN_OBJC_IMPLICIT_RETAIN_SELF = YES;
				CLANG_WARN_OBJC_LITERAL_CONVERSION = YES;
				CLANG_WARN_OBJC_ROOT_CLASS = YES_ERROR;
				CLANG_WARN_RANGE_LOOP_ANALYSIS = YES;
				CLANG_WARN_STRICT_PROTOTYPES = YES;
				CLANG_WARN_SUSPICIOUS_MOVE = YES;
				CLANG_WARN_UNGUARDED_AVAILABILITY = YES_AGGRESSIVE;
				CLANG_WARN_UNREACHABLE_CODE = YES;
				CLANG_WARN__DUPLICATE_METHOD_MATCH = YES;
				COPY_PHASE_STRIP = NO;
				DEBUG_INFORMATION_FORMAT = dwarf;
				ENABLE_STRICT_OBJC_MSGSEND = YES;
				ENABLE_TESTABILITY = YES;
				GCC_C_LANGUAGE_STANDARD = gnu11;
				GCC_DYNAMIC_NO_PIC = NO;
				GCC_NO_COMMON_BLOCKS = YES;
				GCC_OPTIMIZATION_LEVEL = 0;
				GCC_PREPROCESSOR_DEFINITIONS = (
					"DEBUG=1",
					"$(inherited)",
				);
				GCC_WARN_64_TO_32_BIT_CONVERSION = YES;
				GCC_WARN_ABOUT_RETURN_TYPE = YES_ERROR;
				GCC_WARN_UNDECLARED_SELECTOR = YES;
				GCC_WARN_UNINITIALIZED_AUTOS = YES_AGGRESSIVE;
				GCC_WARN_UNUSED_FUNCTION = YES;
				GCC_WARN_UNUSED_VARIABLE = YES;
				IPHONEOS_DEPLOYMENT_TARGET = 13.2;
				MTL_ENABLE_DEBUG_INFO = INCLUDE_SOURCE;
				MTL_FAST_MATH = YES;
				ONLY_ACTIVE_ARCH = YES;
				SDKROOT = iphoneos;
				SWIFT_ACTIVE_COMPILATION_CONDITIONS = DEBUG;
				SWIFT_OPTIMIZATION_LEVEL = "-Onone";
			};
			name = Debug;
		};
		009A746A23C3D8FA00A2AD5B /* Release */ = {
			isa = XCBuildConfiguration;
			buildSettings = {
				ALWAYS_SEARCH_USER_PATHS = NO;
				CLANG_ANALYZER_NONNULL = YES;
				CLANG_ANALYZER_NUMBER_OBJECT_CONVERSION = YES_AGGRESSIVE;
				CLANG_CXX_LANGUAGE_STANDARD = "gnu++14";
				CLANG_CXX_LIBRARY = "libc++";
				CLANG_ENABLE_MODULES = YES;
				CLANG_ENABLE_OBJC_ARC = YES;
				CLANG_ENABLE_OBJC_WEAK = YES;
				CLANG_WARN_BLOCK_CAPTURE_AUTORELEASING = YES;
				CLANG_WARN_BOOL_CONVERSION = YES;
				CLANG_WARN_COMMA = YES;
				CLANG_WARN_CONSTANT_CONVERSION = YES;
				CLANG_WARN_DEPRECATED_OBJC_IMPLEMENTATIONS = YES;
				CLANG_WARN_DIRECT_OBJC_ISA_USAGE = YES_ERROR;
				CLANG_WARN_DOCUMENTATION_COMMENTS = YES;
				CLANG_WARN_EMPTY_BODY = YES;
				CLANG_WARN_ENUM_CONVERSION = YES;
				CLANG_WARN_INFINITE_RECURSION = YES;
				CLANG_WARN_INT_CONVERSION = YES;
				CLANG_WARN_NON_LITERAL_NULL_CONVERSION = YES;
				CLANG_WARN_OBJC_IMPLICIT_RETAIN_SELF = YES;
				CLANG_WARN_OBJC_LITERAL_CONVERSION = YES;
				CLANG_WARN_OBJC_ROOT_CLASS = YES_ERROR;
				CLANG_WARN_RANGE_LOOP_ANALYSIS = YES;
				CLANG_WARN_STRICT_PROTOTYPES = YES;
				CLANG_WARN_SUSPICIOUS_MOVE = YES;
				CLANG_WARN_UNGUARDED_AVAILABILITY = YES_AGGRESSIVE;
				CLANG_WARN_UNREACHABLE_CODE = YES;
				CLANG_WARN__DUPLICATE_METHOD_MATCH = YES;
				COPY_PHASE_STRIP = NO;
				DEBUG_INFORMATION_FORMAT = "dwarf-with-dsym";
				ENABLE_NS_ASSERTIONS = NO;
				ENABLE_STRICT_OBJC_MSGSEND = YES;
				GCC_C_LANGUAGE_STANDARD = gnu11;
				GCC_NO_COMMON_BLOCKS = YES;
				GCC_WARN_64_TO_32_BIT_CONVERSION = YES;
				GCC_WARN_ABOUT_RETURN_TYPE = YES_ERROR;
				GCC_WARN_UNDECLARED_SELECTOR = YES;
				GCC_WARN_UNINITIALIZED_AUTOS = YES_AGGRESSIVE;
				GCC_WARN_UNUSED_FUNCTION = YES;
				GCC_WARN_UNUSED_VARIABLE = YES;
				IPHONEOS_DEPLOYMENT_TARGET = 13.2;
				MTL_ENABLE_DEBUG_INFO = NO;
				MTL_FAST_MATH = YES;
				SDKROOT = iphoneos;
				SWIFT_COMPILATION_MODE = wholemodule;
				SWIFT_OPTIMIZATION_LEVEL = "-O";
				VALIDATE_PRODUCT = YES;
			};
			name = Release;
		};
		009A746C23C3D8FA00A2AD5B /* Debug */ = {
			isa = XCBuildConfiguration;
			buildSettings = {
				ASSETCATALOG_COMPILER_APPICON_NAME = AppIcon;
				CODE_SIGN_STYLE = Automatic;
				DEVELOPMENT_ASSET_PATHS = "\"CalculatorUILBTA/Preview Content\"";
				ENABLE_PREVIEWS = YES;
				INFOPLIST_FILE = CalculatorUILBTA/Info.plist;
				LD_RUNPATH_SEARCH_PATHS = (
					"$(inherited)",
					"@executable_path/Frameworks",
				);
				PRODUCT_BUNDLE_IDENTIFIER = Calculator.CalculatorUILBTA;
				PRODUCT_NAME = "$(TARGET_NAME)";
				SWIFT_VERSION = 5.0;
				TARGETED_DEVICE_FAMILY = "1,2";
			};
			name = Debug;
		};
		009A746D23C3D8FA00A2AD5B /* Release */ = {
			isa = XCBuildConfiguration;
			buildSettings = {
				ASSETCATALOG_COMPILER_APPICON_NAME = AppIcon;
				CODE_SIGN_STYLE = Automatic;
				DEVELOPMENT_ASSET_PATHS = "\"CalculatorUILBTA/Preview Content\"";
				ENABLE_PREVIEWS = YES;
				INFOPLIST_FILE = CalculatorUILBTA/Info.plist;
				LD_RUNPATH_SEARCH_PATHS = (
					"$(inherited)",
					"@executable_path/Frameworks",
				);
				PRODUCT_BUNDLE_IDENTIFIER = Calculator.CalculatorUILBTA;
				PRODUCT_NAME = "$(TARGET_NAME)";
				SWIFT_VERSION = 5.0;
				TARGETED_DEVICE_FAMILY = "1,2";
			};
			name = Release;
		};
/* End XCBuildConfiguration section */

/* Begin XCConfigurationList section */
		009A745223C3D8F900A2AD5B /* Build configuration list for PBXProject "CalculatorUILBTA" */ = {
			isa = XCConfigurationList;
			buildConfigurations = (
				009A746923C3D8FA00A2AD5B /* Debug */,
				009A746A23C3D8FA00A2AD5B /* Release */,
			);
			defaultConfigurationIsVisible = 0;
			defaultConfigurationName = Release;
		};
		009A746B23C3D8FA00A2AD5B /* Build configuration list for PBXNativeTarget "CalculatorUILBTA" */ = {
			isa = XCConfigurationList;
			buildConfigurations = (
				009A746C23C3D8FA00A2AD5B /* Debug */,
				009A746D23C3D8FA00A2AD5B /* Release */,
			);
			defaultConfigurationIsVisible = 0;
			defaultConfigurationName = Release;
		};
/* End XCConfigurationList section */
	};
	rootObject = 009A744F23C3D8F900A2AD5B /* Project object */;
}
